# This file is machine-generated by `gh actions-lock`.
# Do not edit by hand; run `gh actions-lock` to update.
# Docs: https://gh.io/actions-lockfile
version: 'v0.0.2'
workflows:
    '.github/workflows/governance.yml': []
    '.github/workflows/secret-scanner.yml': []
    '.github/workflows/casket-pages.yml':
        - 'actions/cache@v4.3.0'
        - 'actions/checkout@v4.1.1'
        - 'actions/configure-pages@v5.0.0'
        - 'actions/deploy-pages@v4.0.5'
        - 'actions/upload-pages-artifact@v3.0.1'
        - 'haskell-actions/setup@v2.7.5'
    '.github/workflows/codeql.yml':
        - 'actions/checkout@v6.0.1'
        - 'github/codeql-action@v4.31.10'
    '.github/workflows/deploy-site.yml':
        - 'actions/checkout@v4.1.1'
        - 'actions/configure-pages@v5.0.0'
        - 'actions/deploy-pages@v4.0.5'
        - 'actions/upload-pages-artifact@v3.0.1'
    '.github/workflows/hypatia-scan.yml':
        - 'actions/checkout@v4.1.1'
        - 'actions/github-script@v7.0.1'
        - 'actions/upload-artifact@v4.6.2'
        - 'erlef/setup-beam@v1.17.5'
    '.github/workflows/push-email-notify.yml':
        - 'dawidd6/action-send-mail@v3.12.0'
    '.github/workflows/release.yml':
        - 'actions/checkout@v4.1.1'
        - 'docker/build-push-action@v5.1.0'
        - 'docker/login-action@v3.0.0'
        - 'docker/metadata-action@v5.5.1'
        - 'docker/setup-buildx-action@v3.0.0'
        - 'softprops/action-gh-release@v2.2.2'
    '.github/workflows/scorecard.yml':
        - 'actions/checkout@v6.0.1'
        - 'github/codeql-action@v4.31.10'
        - 'ossf/scorecard-action@v2.4.3'
dependencies:
    'actions/cache@v4.3.0':
        ref: 'v4.3.0'
        commit: 'sha1-0057852bfaa89a56745cba8c7296529d2fc39830'
        owner_id: 44036562
        repo_id: 215566462
    'actions/checkout@v4.1.1':
        ref: 'v4.1.1'
        commit: 'sha1-b4ffde65f46336ab88eb53be808477a3936bae11'
        owner_id: 44036562
        repo_id: 197814629
    'actions/checkout@v6.0.1':
        ref: 'v6.0.1'
        commit: 'sha1-8e8c483db84b4bee98b60c0593521ed34d9990e8'
        owner_id: 44036562
        repo_id: 197814629
    'actions/configure-pages@v5.0.0':
        ref: 'v5.0.0'
        commit: 'sha1-983d7736d9b0ae728b81ab479565c72886d7745b'
        owner_id: 44036562
        repo_id: 513659658
    'actions/deploy-pages@v4.0.5':
        ref: 'v4.0.5'
        commit: 'sha1-d6db90164ac5ed86f2b6aed7e0febac5b3c0c03e'
        owner_id: 44036562
        repo_id: 438112499
    'actions/github-script@v7.0.1':
        ref: 'v7.0.1'
        commit: 'sha1-60a0d83039c74a4aee543508d2ffcb1c3799cdea'
        owner_id: 44036562
        repo_id: 205262760
    'actions/upload-artifact@v4':
        ref: 'v4'
        commit: 'sha1-ea165f8d65b6e75b540449e92b4886f43607fa02'
        owner_id: 44036562
        repo_id: 192625955
    'actions/upload-artifact@v4.6.2':
        ref: 'v4.6.2'
        commit: 'sha1-ea165f8d65b6e75b540449e92b4886f43607fa02'
        owner_id: 44036562
        repo_id: 192625955
    'actions/upload-pages-artifact@v3.0.1':
        ref: 'v3.0.1'
        commit: 'sha1-56afc609e74202658d3ffba0e8f6dda462b719fa'
        owner_id: 44036562
        repo_id: 496012378
        uses:
            - 'actions/upload-artifact@v4'
    'dawidd6/action-send-mail@v3.12.0':
        ref: 'v3.12.0'
        commit: 'sha1-6e502825a508b867ab2954ad6343b68787624c01'
        owner_id: 9713907
        repo_id: 222439721
    'docker/build-push-action@v5.1.0':
        ref: 'v5.1.0'
        commit: 'sha1-4a13e500e55cf31b7a5d59a38ab2040ab0f42f56'
        owner_id: 5429470
        repo_id: 241092383
    'docker/login-action@v3.0.0':
        ref: 'v3.0.0'
        commit: 'sha1-343f7c4344506bcbf9b4de18042ae17996df046d'
        owner_id: 5429470
        repo_id: 287743349
    'docker/metadata-action@v5.5.1':
        ref: 'v5.5.1'
        commit: 'sha1-8e5442c4ef9f78752691e2d8f8d19755c6f78e81'
        owner_id: 5429470
        repo_id: 306769011
    'docker/setup-buildx-action@v3.0.0':
        ref: 'v3.0.0'
        commit: 'sha1-f95db51fddba0c2d1ec667646a06c2ce06100226'
        owner_id: 5429470
        repo_id: 288485773
    'erlef/setup-beam@v1.17.5':
        ref: 'v1.17.5'
        commit: 'sha1-2f0cc07b4b9bea248ae098aba9e1a8a1de5ec24c'
        owner_id: 47606891
        repo_id: 331103973
    'github/codeql-action@v4.31.10':
        ref: 'v4.31.10'
        commit: 'sha1-cdefb33c0f6224e58673d9004f47f7cb3e328b89'
        owner_id: 9919
        repo_id: 259445878
    'haskell-actions/setup@v2.7.5':
        ref: 'v2.7.5'
        commit: 'sha1-ec49483bfc012387b227434aba94f59a6ecd0900'
        owner_id: 75048950
        repo_id: 623796603
    'ossf/scorecard-action@v2.4.3':
        ref: 'v2.4.3'
        commit: 'sha1-4eaacf0543bb3f2c246792bd56e8cdeffafb205a'
        owner_id: 67707773
        repo_id: 421101922
    'softprops/action-gh-release@v2.2.2':
        ref: 'v2.2.2'
        commit: 'sha1-da05d552573ad5aba039eaac05058a918a7bf631'
        owner_id: 2242
        repo_id: 204253808
